<?xml version="1.0" encoding="UTF-8"?>
<Scheme
   version = "1.3">
   <BuildAction>
      <BuildActionEntries>
         <BuildActionEntry
            buildForRunning = "YES"
            buildForTesting = "YES">
            <BuildableReference
               BuildableIdentifier = "primary"
               BlueprintIdentifier = "6E6553F422BF115A001A4FA0"
               BuildableName = "ImmutableTests.xctest"
               BlueprintName = "ImmutableTests"
               ReferencedContainer = "container:Immutable.xcodeproj">
            </BuildableReference>
         </BuildActionEntry>
      </BuildActionEntries>
   </BuildAction>
   <TestAction
      buildConfiguration = "Debug">
      <Testables>
         <TestableReference>
            <BuildableReference
               BuildableIdentifier = "primary"
               BlueprintIdentifier = "6E6553F422BF115A001A4FA0"
               BuildableName = "ImmutableTests.xctest"
               BlueprintName = "ImmutableTests"
               ReferencedContainer = "container:Immutable.xcodeproj">
            </BuildableReference>
            <SelectedTests>
               <Test
                  Identifier = "ImmutableTests/testEquals">
               </Test>
            </SelectedTests>
         </TestableReference>
      </Testables>
   </TestAction>
   <LaunchAction
      useCustomWorkingDirectory = "NO"
      allowLocationSimulation = "YES">
   </LaunchAction>
</Scheme>
